
Microsoft Visual Studio Solution File, Format Version 12.00
Project("{FAE04EC0-301F-11D3-BF4B-00C04F79EFBC}") = "SuikaModTool", "SuikaModTool\SuikaModTool.csproj", "{76C71E5C-7216-49DE-B4DA-6E9FE145BDF1}"
EndProject
Global
	GlobalSection(SolutionConfigurationPlatforms) = preSolution
		Debug|Any CPU = Debug|Any CPU
		Release|Any CPU = Release|Any CPU
	EndGlobalSection
	GlobalSection(ProjectConfigurationPlatforms) = postSolution
		{76C71E5C-7216-49DE-B4DA-6E9FE145BDF1}.Debug|Any CPU.ActiveCfg = Debug|Any CPU
		{76C71E5C-7216-49DE-B4DA-6E9FE145BDF1}.Debug|Any CPU.Build.0 = Debug|Any CPU
		{76C71E5C-7216-49DE-B4DA-6E9FE145BDF1}.Release|Any CPU.ActiveCfg = Release|Any CPU
		{76C71E5C-7216-49DE-B4DA-6E9FE145BDF1}.Release|Any CPU.Build.0 = Release|Any CPU
	EndGlobalSection
EndGlobal
